lockfileVersion: '9.0'

settings:
  autoInstallPeers: true
  excludeLinksFromLockfile: false

importers:

  .:
    dependencies:
      '@modelcontextprotocol/sdk':
        specifier: ^1.12.1
        version: 1.29.0(zod@4.3.6)
      express:
        specifier: ^4.21.0
        version: 4.22.1
      uuid:
        specifier: ^10.0.0
        version: 10.0.0
      ws:
        specifier: ^8.18.0
        version: 8.20.0
    devDependencies:
      '@types/express':
        specifier: ^4.17.21
        version: 4.17.25
      '@types/ws':
        specifier: ^8.5.12
        version: 8.18.1

packages:

  '@hono/node-server@1.19.13':
    resolution: {integrity: sha512-TsQLe4i2gvoTtrHje625ngThGBySOgSK3Xo2XRYOdqGN1teR8+I7vchQC46uLJi8OF62YTYA3AhSpumtkhsaKQ==, tarball: https://artifactory.devops.xiaohongshu.com/artifactory/api/npm/npm-public/@hono/node-server/-/node-server-1.19.13.tgz}
    engines: {node: '>=18.14.1'}
    peerDependencies:
      hono: ^4

  '@modelcontextprotocol/sdk@1.29.0':
    resolution: {integrity: sha512-zo37mZA9hJWpULgkRpowewez1y6ML5GsXJPY8FI0tBBCd77HEvza4jDqRKOXgHNn867PVGCyTdzqpz0izu5ZjQ==, tarball: https://artifactory.devops.xiaohongshu.com/artifactory/api/npm/npm-public/@modelcontextprotocol/sdk/-/sdk-1.29.0.tgz}
    engines: {node: '>=18'}
    peerDependencies:
      '@cfworker/json-schema': ^4.1.1
      zod: ^3.25 || ^4.0
    peerDependenciesMeta:
      '@cfworker/json-schema':
        optional: true

  '@types/body-parser@1.19.6':
    resolution: {integrity: sha512-HLFeCYgz89uk22N5Qg3dvGvsv46B8GLvKKo1zKG4NybA8U2DiEO3w9lqGg29t/tfLRJpJ6iQxnVw4OnB7MoM9g==, tarball: https://artifactory.devops.xiaohongshu.com/artifactory/api/npm/npm-public/@types/body-parser/-/body-parser-1.19.6.tgz}

  '@types/connect@3.4.38':
    resolution: {integrity: sha512-K6uROf1LD88uDQqJCktA4yzL1YYAK6NgfsI0v/mTgyPKWsX1CnJ0XPSDhViejru1GcRkLWb8RlzFYJRqGUbaug==, tarball: https://artifactory.devops.xiaohongshu.com/artifactory/api/npm/npm-public/@types/connect/-/connect-3.4.38.tgz}

  '@types/express-serve-static-core@4.19.8':
    resolution: {integrity: sha512-02S5fmqeoKzVZCHPZid4b8JH2eM5HzQLZWN2FohQEy/0eXTq8VXZfSN6Pcr3F6N9R/vNrj7cpgbhjie6m/1tCA==, tarball: https://artifactory.devops.xiaohongshu.com/artifactory/api/npm/npm-public/@types/express-serve-static-core/-/express-serve-static-core-4.19.8.tgz}

  '@types/express@4.17.25':
    resolution: {integrity: sha512-dVd04UKsfpINUnK0yBoYHDF3xu7xVH4BuDotC/xGuycx4CgbP48X/KF/586bcObxT0HENHXEU8Nqtu6NR+eKhw==, tarball: https://artifactory.devops.xiaohongshu.com/artifactory/api/npm/npm-public/@types/express/-/express-4.17.25.tgz}

  '@types/http-errors@2.0.5':
    resolution: {integrity: sha512-r8Tayk8HJnX0FztbZN7oVqGccWgw98T/0neJphO91KkmOzug1KkofZURD4UaD5uH8AqcFLfdPErnBod0u71/qg==, tarball: https://artifactory.devops.xiaohongshu.com/artifactory/api/npm/npm-public/@types/http-errors/-/http-errors-2.0.5.tgz}

  '@types/mime@1.3.5':
    resolution: {integrity: sha512-/pyBZWSLD2n0dcHE3hq8s8ZvcETHtEuF+3E7XVt0Ig2nvsVQXdghHVcEkIWjy9A0wKfTn97a/PSDYohKIlnP/w==, tarball: https://artifactory.devops.xiaohongshu.com/artifactory/api/npm/npm-public/@types/mime/-/mime-1.3.5.tgz}

  '@types/node@25.6.0':
    resolution: {integrity: sha1-Tgm62bRphx8tD2gUAZjL1xT07co=, tarball: https://artifactory.devops.xiaohongshu.com/artifactory/api/npm/npm-public/@types/node/download/@types/node-25.6.0.tgz}

  '@types/qs@6.15.0':
    resolution: {integrity: sha512-JawvT8iBVWpzTrz3EGw9BTQFg3BQNmwERdKE22vlTxawwtbyUSlMppvZYKLZzB5zgACXdXxbD3m1bXaMqP/9ow==, tarball: https://artifactory.devops.xiaohongshu.com/artifactory/api/npm/npm-public/@types/qs/-/qs-6.15.0.tgz}

  '@types/range-parser@1.2.7':
    resolution: {integrity: sha512-hKormJbkJqzQGhziax5PItDUTMAM9uE2XXQmM37dyd4hVM+5aVl7oVxMVUiVQn2oCQFN/LKCZdvSM0pFRqbSmQ==, tarball: https://artifactory.devops.xiaohongshu.com/artifactory/api/npm/npm-public/@types/range-parser/-/range-parser-1.2.7.tgz}

  '@types/send@0.17.6':
    resolution: {integrity: sha512-Uqt8rPBE8SY0RK8JB1EzVOIZ32uqy8HwdxCnoCOsYrvnswqmFZ/k+9Ikidlk/ImhsdvBsloHbAlewb2IEBV/Og==, tarball: https://artifactory.devops.xiaohongshu.com/artifactory/api/npm/npm-public/@types/send/-/send-0.17.6.tgz}

  '@types/send@1.2.1':
    resolution: {integrity: sha512-arsCikDvlU99zl1g69TcAB3mzZPpxgw0UQnaHeC1Nwb015xp8bknZv5rIfri9xTOcMuaVgvabfIRA7PSZVuZIQ==, tarball: https://artifactory.devops.xiaohongshu.com/artifactory/api/npm/npm-public/@types/send/-/send-1.2.1.tgz}

  '@types/serve-static@1.15.10':
    resolution: {integrity: sha512-tRs1dB+g8Itk72rlSI2ZrW6vZg0YrLI81iQSTkMmOqnqCaNr/8Ek4VwWcN5vZgCYWbg/JJSGBlUaYGAOP73qBw==, tarball: https://artifactory.devops.xiaohongshu.com/artifactory/api/npm/npm-public/@types/serve-static/-/serve-static-1.15.10.tgz}

  '@types/ws@8.18.1':
    resolution: {integrity: sha512-ThVF6DCVhA8kUGy+aazFQ4kXQ7E1Ty7A3ypFOe0IcJV8O/M511G99AW24irKrW56Wt44yG9+ij8FaqoBGkuBXg==, tarball: https://artifactory.devops.xiaohongshu.com/artifactory/api/npm/npm-public/@types/ws/-/ws-8.18.1.tgz}

  accepts@1.3.8:
    resolution: {integrity: sha1-C/C+EltnAUrcsLCSHmLbe//hay4=, tarball: https://artifactory.devops.xiaohongshu.com/artifactory/api/npm/npm-public/accepts/download/accepts-1.3.8.tgz}
    engines: {node: '>= 0.6'}

  accepts@2.0.0:
    resolution: {integrity: sha512-5cvg6CtKwfgdmVqY1WIiXKc3Q1bkRqGLi+2W/6ao+6Y7gu/RCwRuAhGEzh5B4KlszSuTLgZYuqFqo5bImjNKng==, tarball: https://artifactory.devops.xiaohongshu.com/artifactory/api/npm/npm-public/accepts/-/accepts-2.0.0.tgz}
    engines: {node: '>= 0.6'}

  ajv-formats@3.0.1:
    resolution: {integrity: sha1-PV3HYryhdnnDwup+kK1rdTIwlXg=, tarball: https://artifactory.devops.xiaohongshu.com/artifactory/api/npm/npm-public/ajv-formats/download/ajv-formats-3.0.1.tgz}
    peerDependencies:
      ajv: ^8.0.0
    peerDependenciesMeta:
      ajv:
        optional: true

  ajv@8.18.0:
    resolution: {integrity: sha1-iGQYa2c40APrOpMxcrs4M+EM77w=, tarball: https://artifactory.devops.xiaohongshu.com/artifactory/api/npm/npm-public/ajv/download/ajv-8.18.0.tgz}

  array-flatten@1.1.1:
    resolution: {integrity: sha1-ml9pkFGx5wczKPKgCJaLZOopVdI=, tarball: https://artifactory.devops.xiaohongshu.com/artifactory/api/npm/npm-public/array-flatten/download/array-flatten-1.1.1.tgz}

  body-parser@1.20.4:
    resolution: {integrity: sha512-ZTgYYLMOXY9qKU/57FAo8F+HA2dGX7bqGc71txDRC1rS4frdFI5R7NhluHxH6M0YItAP0sHB4uqAOcYKxO6uGA==, tarball: https://artifactory.devops.xiaohongshu.com/artifactory/api/npm/npm-public/body-parser/-/body-parser-1.20.4.tgz}
    engines: {node: '>= 0.8', npm: 1.2.8000 || >= 1.4.16}

  body-parser@2.2.2:
    resolution: {integrity: sha512-oP5VkATKlNwcgvxi0vM0p/D3n2C3EReYVX+DNYs5TjZFn/oQt2j+4sVJtSMr18pdRr8wjTcBl6LoV+FUwzPmNA==, tarball: https://artifactory.devops.xiaohongshu.com/artifactory/api/npm/npm-public/body-parser/-/body-parser-2.2.2.tgz}
    engines: {node: '>=18'}

  bytes@3.1.2:
    resolution: {integrity: sha1-iwvuuYYFrfGxKPpDhkA8AJ4CIaU=, tarball: https://artifactory.devops.xiaohongshu.com/artifactory/api/npm/npm-public/bytes/download/bytes-3.1.2.tgz}
    engines: {node: '>= 0.8'}

  call-bind-apply-helpers@1.0.2:
    resolution: {integrity: sha1-S1QowiK+mF15w9gmV0edvgtZstY=, tarball: https://artifactory.devops.xiaohongshu.com/artifactory/api/npm/npm-public/call-bind-apply-helpers/download/call-bind-apply-helpers-1.0.2.tgz}
    engines: {node: '>= 0.4'}

  call-bound@1.0.4:
    resolution: {integrity: sha1-I43pNdKippKSjFOMfM+pEGf9Bio=, tarball: https://artifactory.devops.xiaohongshu.com/artifactory/api/npm/npm-public/call-bound/download/call-bound-1.0.4.tgz}
    engines: {node: '>= 0.4'}

  content-disposition@0.5.4:
    resolution: {integrity: sha1-i4K076yCUSoCuwsdzsnSxejrW/4=, tarball: https://artifactory.devops.xiaohongshu.com/artifactory/api/npm/npm-public/content-disposition/download/content-disposition-0.5.4.tgz}
    engines: {node: '>= 0.6'}

  content-disposition@1.1.0:
    resolution: {integrity: sha512-5jRCH9Z/+DRP7rkvY83B+yGIGX96OYdJmzngqnw2SBSxqCFPd0w2km3s5iawpGX8krnwSGmF0FW5Nhr0Hfai3g==, tarball: https://artifactory.devops.xiaohongshu.com/artifactory/api/npm/npm-public/content-disposition/-/content-disposition-1.1.0.tgz}
    engines: {node: '>=18'}

  content-type@1.0.5:
    resolution: {integrity: sha1-i3cxYmVtHRCGeEyPI6VM5tc9eRg=, tarball: https://artifactory.devops.xiaohongshu.com/artifactory/api/npm/npm-public/content-type/download/content-type-1.0.5.tgz}
    engines: {node: '>= 0.6'}

  cookie-signature@1.0.7:
    resolution: {integrity: sha512-NXdYc3dLr47pBkpUCHtKSwIOQXLVn8dZEuywboCOJY/osA0wFSLlSawr3KN8qXJEyX66FcONTH8EIlVuK0yyFA==, tarball: https://artifactory.devops.xiaohongshu.com/artifactory/api/npm/npm-public/cookie-signature/-/cookie-signature-1.0.7.tgz}

  cookie-signature@1.2.2:
    resolution: {integrity: sha512-D76uU73ulSXrD1UXF4KE2TMxVVwhsnCgfAyTg9k8P6KGZjlXKrOLe4dJQKI3Bxi5wjesZoFXJWElNWBjPZMbhg==, tarball: https://artifactory.devops.xiaohongshu.com/artifactory/api/npm/npm-public/cookie-signature/-/cookie-signature-1.2.2.tgz}
    engines: {node: '>=6.6.0'}

  cookie@0.7.2:
    resolution: {integrity: sha512-yki5XnKuf750l50uGTllt6kKILY4nQ1eNIQatoXEByZ5dWgnKqbnqmTrBE5B4N7lrMJKQ2ytWMiTO2o0v6Ew/w==, tarball: https://artifactory.devops.xiaohongshu.com/artifactory/api/npm/npm-public/cookie/-/cookie-0.7.2.tgz}
    engines: {node: '>= 0.6'}

  cors@2.8.6:
    resolution: {integrity: sha512-tJtZBBHA6vjIAaF6EnIaq6laBBP9aq/Y3ouVJjEfoHbRBcHBAHYcMh/w8LDrk2PvIMMq8gmopa5D4V8RmbrxGw==, tarball: https://artifactory.devops.xiaohongshu.com/artifactory/api/npm/npm-public/cors/-/cors-2.8.6.tgz}
    engines: {node: '>= 0.10'}

  cross-spawn@7.0.6:
    resolution: {integrity: sha1-ilj+ePANzXDDcEUXWd+/rwPo7p8=, tarball: https://artifactory.devops.xiaohongshu.com/artifactory/api/npm/npm-public/cross-spawn/download/cross-spawn-7.0.6.tgz}
    engines: {node: '>= 8'}

  debug@2.6.9:
    resolution: {integrity: sha1-XRKFFd8TT/Mn6QpMk/Tgd6U2NB8=, tarball: https://artifactory.devops.xiaohongshu.com/artifactory/api/npm/npm-public/debug/download/debug-2.6.9.tgz}
    peerDependencies:
      supports-color: '*'
    peerDependenciesMeta:
      supports-color:
        optional: true

  debug@4.4.3:
    resolution: {integrity: sha1-xq5DLZvZZiWC/OCHCbA4xY6ePWo=, tarball: https://artifactory.devops.xiaohongshu.com/artifactory/api/npm/npm-public/debug/download/debug-4.4.3.tgz}
    engines: {node: '>=6.0'}
    peerDependencies:
      supports-color: '*'
    peerDependenciesMeta:
      supports-color:
        optional: true

  depd@2.0.0:
    resolution: {integrity: sha1-tpYWPMdXVg0JzyLMj60Vcbeedt8=, tarball: https://artifactory.devops.xiaohongshu.com/artifactory/api/npm/npm-public/depd/download/depd-2.0.0.tgz}
    engines: {node: '>= 0.8'}

  destroy@1.2.0:
    resolution: {integrity: sha1-SANzVQmti+VSk0xn32FPlOZvoBU=, tarball: https://artifactory.devops.xiaohongshu.com/artifactory/api/npm/npm-public/destroy/download/destroy-1.2.0.tgz}
    engines: {node: '>= 0.8', npm: 1.2.8000 || >= 1.4.16}

  dunder-proto@1.0.1:
    resolution: {integrity: sha1-165mfh3INIL4tw/Q9u78UNow9Yo=, tarball: https://artifactory.devops.xiaohongshu.com/artifactory/api/npm/npm-public/dunder-proto/download/dunder-proto-1.0.1.tgz}
    engines: {node: '>= 0.4'}

  ee-first@1.1.1:
    resolution: {integrity: sha1-WQxhFWsK4vTwJVcyoViyZrxWsh0=, tarball: https://artifactory.devops.xiaohongshu.com/artifactory/api/npm/npm-public/ee-first/download/ee-first-1.1.1.tgz}

  encodeurl@2.0.0:
    resolution: {integrity: sha512-Q0n9HRi4m6JuGIV1eFlmvJB7ZEVxu93IrMyiMsGC0lrMJMWzRgx6WGquyfQgZVb31vhGgXnfmPNNXmxnOkRBrg==, tarball: https://artifactory.devops.xiaohongshu.com/artifactory/api/npm/npm-public/encodeurl/-/encodeurl-2.0.0.tgz}
    engines: {node: '>= 0.8'}

  es-define-property@1.0.1:
    resolution: {integrity: sha1-mD6y+aZyTpMD9hrd8BHHLgngsPo=, tarball: https://artifactory.devops.xiaohongshu.com/artifactory/api/npm/npm-public/es-define-property/download/es-define-property-1.0.1.tgz}
    engines: {node: '>= 0.4'}

  es-errors@1.3.0:
    resolution: {integrity: sha1-BfdaJdq5jk+x3NXhRywFRtUFfI8=, tarball: https://artifactory.devops.xiaohongshu.com/artifactory/api/npm/npm-public/es-errors/download/es-errors-1.3.0.tgz}
    engines: {node: '>= 0.4'}

  es-object-atoms@1.1.1:
    resolution: {integrity: sha1-HE8sSDcydZfOadLKGQp/3RcjOME=, tarball: https://artifactory.devops.xiaohongshu.com/artifactory/api/npm/npm-public/es-object-atoms/download/es-object-atoms-1.1.1.tgz}
    engines: {node: '>= 0.4'}

  escape-html@1.0.3:
    resolution: {integrity: sha1-Aljq5NPQwJdN4cFpGI7wBR0dGYg=, tarball: https://artifactory.devops.xiaohongshu.com/artifactory/api/npm/npm-public/escape-html/download/escape-html-1.0.3.tgz}

  etag@1.8.1:
    resolution: {integrity: sha1-Qa4u62XvpiJorr/qg6x9eSmbCIc=, tarball: https://artifactory.devops.xiaohongshu.com/artifactory/api/npm/npm-public/etag/download/etag-1.8.1.tgz}
    engines: {node: '>= 0.6'}

  eventsource-parser@3.0.6:
    resolution: {integrity: sha1-KS4WXjTKy8k2w8knGe8ybUrrTpA=, tarball: https://artifactory.devops.xiaohongshu.com/artifactory/api/npm/npm-public/eventsource-parser/download/eventsource-parser-3.0.6.tgz}
    engines: {node: '>=18.0.0'}

  eventsource@3.0.7:
    resolution: {integrity: sha512-CRT1WTyuQoD771GW56XEZFQ/ZoSfWid1alKGDYMmkt2yl8UXrVR4pspqWNEcqKvVIzg6PAltWjxcSSPrboA4iA==, tarball: https://artifactory.devops.xiaohongshu.com/artifactory/api/npm/npm-public/eventsource/-/eventsource-3.0.7.tgz}
    engines: {node: '>=18.0.0'}

  express-rate-limit@8.3.2:
    resolution: {integrity: sha512-77VmFeJkO0/rvimEDuUC5H30oqUC4EyOhyGccfqoLebB0oiEYfM7nwPrsDsBL1gsTpwfzX8SFy2MT3TDyRq+bg==, tarball: https://artifactory.devops.xiaohongshu.com/artifactory/api/npm/npm-public/express-rate-limit/-/express-rate-limit-8.3.2.tgz}
    engines: {node: '>= 16'}
    peerDependencies:
      express: '>= 4.11'

  express@4.22.1:
    resolution: {integrity: sha512-F2X8g9P1X7uCPZMA3MVf9wcTqlyNp7IhH5qPCI0izhaOIYXaW9L535tGA3qmjRzpH+bZczqq7hVKxTR4NWnu+g==, tarball: https://artifactory.devops.xiaohongshu.com/artifactory/api/npm/npm-public/express/-/express-4.22.1.tgz}
    engines: {node: '>= 0.10.0'}

  express@5.2.1:
    resolution: {integrity: sha512-hIS4idWWai69NezIdRt2xFVofaF4j+6INOpJlVOLDO8zXGpUVEVzIYk12UUi2JzjEzWL3IOAxcTubgz9Po0yXw==, tarball: https://artifactory.devops.xiaohongshu.com/artifactory/api/npm/npm-public/express/-/express-5.2.1.tgz}
    engines: {node: '>= 18'}

  fast-deep-equal@3.1.3:
    resolution: {integrity: sha1-On1WtVnWy8PrUSMlJE5hmmXGxSU=, tarball: https://artifactory.devops.xiaohongshu.com/artifactory/api/npm/npm-public/fast-deep-equal/download/fast-deep-equal-3.1.3.tgz}

  fast-uri@3.1.0:
    resolution: {integrity: sha1-Zu7P9sdkwN+bdi5iyn7c+1O07fo=, tarball: https://artifactory.devops.xiaohongshu.com/artifactory/api/npm/npm-public/fast-uri/download/fast-uri-3.1.0.tgz}

  finalhandler@1.3.2:
    resolution: {integrity: sha512-aA4RyPcd3badbdABGDuTXCMTtOneUCAYH/gxoYRTZlIJdF0YPWuGqiAsIrhNnnqdXGswYk6dGujem4w80UJFhg==, tarball: https://artifactory.devops.xiaohongshu.com/artifactory/api/npm/npm-public/finalhandler/-/finalhandler-1.3.2.tgz}
    engines: {node: '>= 0.8'}

  finalhandler@2.1.1:
    resolution: {integrity: sha512-S8KoZgRZN+a5rNwqTxlZZePjT/4cnm0ROV70LedRHZ0p8u9fRID0hJUZQpkKLzro8LfmC8sx23bY6tVNxv8pQA==, tarball: https://artifactory.devops.xiaohongshu.com/artifactory/api/npm/npm-public/finalhandler/-/finalhandler-2.1.1.tgz}
    engines: {node: '>= 18.0.0'}

  forwarded@0.2.0:
    resolution: {integrity: sha1-ImmTZCiq1MFcfr6XeahL8LKoGBE=, tarball: https://artifactory.devops.xiaohongshu.com/artifactory/api/npm/npm-public/forwarded/download/forwarded-0.2.0.tgz}
    engines: {node: '>= 0.6'}

  fresh@0.5.2:
    resolution: {integrity: sha1-PYyt2Q2XZWn6g1qx+OSyOhBWBac=, tarball: https://artifactory.devops.xiaohongshu.com/artifactory/api/npm/npm-public/fresh/download/fresh-0.5.2.tgz}
    engines: {node: '>= 0.6'}

  fresh@2.0.0:
    resolution: {integrity: sha512-Rx/WycZ60HOaqLKAi6cHRKKI7zxWbJ31MhntmtwMoaTeF7XFH9hhBp8vITaMidfljRQ6eYWCKkaTK+ykVJHP2A==, tarball: https://artifactory.devops.xiaohongshu.com/artifactory/api/npm/npm-public/fresh/-/fresh-2.0.0.tgz}
    engines: {node: '>= 0.8'}

  function-bind@1.1.2:
    resolution: {integrity: sha1-LALYZNl/PqbIgwxGTL0Rq26rehw=, tarball: https://artifactory.devops.xiaohongshu.com/artifactory/api/npm/npm-public/function-bind/download/function-bind-1.1.2.tgz}

  get-intrinsic@1.3.0:
    resolution: {integrity: sha1-dD8OO2lkqTpUke0b/6rgVNf5jQE=, tarball: https://artifactory.devops.xiaohongshu.com/artifactory/api/npm/npm-public/get-intrinsic/download/get-intrinsic-1.3.0.tgz}
    engines: {node: '>= 0.4'}

  get-proto@1.0.1:
    resolution: {integrity: sha1-FQs/J0OGnvPoUewMSdFbHRTQDuE=, tarball: https://artifactory.devops.xiaohongshu.com/artifactory/api/npm/npm-public/get-proto/download/get-proto-1.0.1.tgz}
    engines: {node: '>= 0.4'}

  gopd@1.2.0:
    resolution: {integrity: sha1-ifVrghe9vIgCvSmd9tfxCB1+UaE=, tarball: https://artifactory.devops.xiaohongshu.com/artifactory/api/npm/npm-public/gopd/download/gopd-1.2.0.tgz}
    engines: {node: '>= 0.4'}

  has-symbols@1.1.0:
    resolution: {integrity: sha1-/JxqeDoISVHQuXH+EBjegTcHozg=, tarball: https://artifactory.devops.xiaohongshu.com/artifactory/api/npm/npm-public/has-symbols/download/has-symbols-1.1.0.tgz}
    engines: {node: '>= 0.4'}

  hasown@2.0.2:
    resolution: {integrity: sha1-AD6vkb563DcuhOxZ3DclLO24AAM=, tarball: https://artifactory.devops.xiaohongshu.com/artifactory/api/npm/npm-public/hasown/download/hasown-2.0.2.tgz}
    engines: {node: '>= 0.4'}

  hono@4.12.12:
    resolution: {integrity: sha512-p1JfQMKaceuCbpJKAPKVqyqviZdS0eUxH9v82oWo1kb9xjQ5wA6iP3FNVAPDFlz5/p7d45lO+BpSk1tuSZMF4Q==, tarball: https://artifactory.devops.xiaohongshu.com/artifactory/api/npm/npm-public/hono/-/hono-4.12.12.tgz}
    engines: {node: '>=16.9.0'}

  http-errors@2.0.1:
    resolution: {integrity: sha512-4FbRdAX+bSdmo4AUFuS0WNiPz8NgFt+r8ThgNWmlrjQjt1Q7ZR9+zTlce2859x4KSXrwIsaeTqDoKQmtP8pLmQ==, tarball: https://artifactory.devops.xiaohongshu.com/artifactory/api/npm/npm-public/http-errors/-/http-errors-2.0.1.tgz}
    engines: {node: '>= 0.8'}

  iconv-lite@0.4.24:
    resolution: {integrity: sha1-ICK0sl+93CHS9SSXSkdKr+czkIs=, tarball: https://artifactory.devops.xiaohongshu.com/artifactory/api/npm/npm-public/iconv-lite/download/iconv-lite-0.4.24.tgz}
    engines: {node: '>=0.10.0'}

  iconv-lite@0.7.2:
    resolution: {integrity: sha1-0L3qw/ErSDW3NZwq2JxCKk0cxy4=, tarball: https://artifactory.devops.xiaohongshu.com/artifactory/api/npm/npm-public/iconv-lite/download/iconv-lite-0.7.2.tgz}
    engines: {node: '>=0.10.0'}

  inherits@2.0.4:
    resolution: {integrity: sha1-D6LGT5MpF8NDOg3tVTY6rjdBa3w=, tarball: https://artifactory.devops.xiaohongshu.com/artifactory/api/npm/npm-public/inherits/download/inherits-2.0.4.tgz}

  ip-address@10.1.0:
    resolution: {integrity: sha512-XXADHxXmvT9+CRxhXg56LJovE+bmWnEWB78LB83VZTprKTmaC5QfruXocxzTZ2Kl0DNwKuBdlIhjL8LeY8Sf8Q==, tarball: https://artifactory.devops.xiaohongshu.com/artifactory/api/npm/npm-public/ip-address/-/ip-address-10.1.0.tgz}
    engines: {node: '>= 12'}

  ipaddr.js@1.9.1:
    resolution: {integrity: sha1-v/OFQ+64mEglB5/zoqjmy9RngbM=, tarball: https://artifactory.devops.xiaohongshu.com/artifactory/api/npm/npm-public/ipaddr.js/download/ipaddr.js-1.9.1.tgz}
    engines: {node: '>= 0.10'}

  is-promise@4.0.0:
    resolution: {integrity: sha1-Qv+fhCBsGZHSbev1IN1cAQQt0vM=, tarball: https://artifactory.devops.xiaohongshu.com/artifactory/api/npm/npm-public/is-promise/download/is-promise-4.0.0.tgz}

  isexe@2.0.0:
    resolution: {integrity: sha1-6PvzdNxVb/iUehDcsFctYz8s+hA=, tarball: https://artifactory.devops.xiaohongshu.com/artifactory/api/npm/npm-public/isexe/download/isexe-2.0.0.tgz}

  jose@6.2.2:
    resolution: {integrity: sha512-d7kPDd34KO/YnzaDOlikGpOurfF0ByC2sEV4cANCtdqLlTfBlw2p14O/5d/zv40gJPbIQxfES3nSx1/oYNyuZQ==, tarball: https://artifactory.devops.xiaohongshu.com/artifactory/api/npm/npm-public/jose/-/jose-6.2.2.tgz}

  json-schema-traverse@1.0.0:
    resolution: {integrity: sha1-rnvLNlard6c7pcSb9lTzjmtoYOI=, tarball: https://artifactory.devops.xiaohongshu.com/artifactory/api/npm/npm-public/json-schema-traverse/download/json-schema-traverse-1.0.0.tgz}

  json-schema-typed@8.0.2:
    resolution: {integrity: sha512-fQhoXdcvc3V28x7C7BMs4P5+kNlgUURe2jmUT1T//oBRMDrqy1QPelJimwZGo7Hg9VPV3EQV5Bnq4hbFy2vetA==, tarball: https://artifactory.devops.xiaohongshu.com/artifactory/api/npm/npm-public/json-schema-typed/-/json-schema-typed-8.0.2.tgz}

  math-intrinsics@1.1.0:
    resolution: {integrity: sha1-oN10voHiqlwvJ+Zc4oNgXuTit/k=, tarball: https://artifactory.devops.xiaohongshu.com/artifactory/api/npm/npm-public/math-intrinsics/download/math-intrinsics-1.1.0.tgz}
    engines: {node: '>= 0.4'}

  media-typer@0.3.0:
    resolution: {integrity: sha1-hxDXrwqmJvj/+hzgAWhUUmMlV0g=, tarball: https://artifactory.devops.xiaohongshu.com/artifactory/api/npm/npm-public/media-typer/download/media-typer-0.3.0.tgz}
    engines: {node: '>= 0.6'}

  media-typer@1.1.0:
    resolution: {integrity: sha1-ardLjy0zIPIGSyqHo455Mf86VWE=, tarball: https://artifactory.devops.xiaohongshu.com/artifactory/api/npm/npm-public/media-typer/download/media-typer-1.1.0.tgz}
    engines: {node: '>= 0.8'}

  merge-descriptors@1.0.3:
    resolution: {integrity: sha512-gaNvAS7TZ897/rVaZ0nMtAyxNyi/pdbjbAwUpFQpN70GqnVfOiXpeUUMKRBmzXaSQ8DdTX4/0ms62r2K+hE6mQ==, tarball: https://artifactory.devops.xiaohongshu.com/artifactory/api/npm/npm-public/merge-descriptors/-/merge-descriptors-1.0.3.tgz}

  merge-descriptors@2.0.0:
    resolution: {integrity: sha512-Snk314V5ayFLhp3fkUREub6WtjBfPdCPY1Ln8/8munuLuiYhsABgBVWsozAG+MWMbVEvcdcpbi9R7ww22l9Q3g==, tarball: https://artifactory.devops.xiaohongshu.com/artifactory/api/npm/npm-public/merge-descriptors/-/merge-descriptors-2.0.0.tgz}
    engines: {node: '>=18'}

  methods@1.1.2:
    resolution: {integrity: sha1-VSmk1nZUE07cxSZmVoNbD4Ua/O4=, tarball: https://artifactory.devops.xiaohongshu.com/artifactory/api/npm/npm-public/methods/download/methods-1.1.2.tgz}
    engines: {node: '>= 0.6'}

  mime-db@1.52.0:
    resolution: {integrity: sha1-u6vNwChZ9JhzAchW4zh85exDv3A=, tarball: https://artifactory.devops.xiaohongshu.com/artifactory/api/npm/npm-public/mime-db/download/mime-db-1.52.0.tgz}
    engines: {node: '>= 0.6'}

  mime-db@1.54.0:
    resolution: {integrity: sha512-aU5EJuIN2WDemCcAp2vFBfp/m4EAhWJnUNSSw0ixs7/kXbd6Pg64EmwJkNdFhB8aWt1sH2CTXrLxo/iAGV3oPQ==, tarball: https://artifactory.devops.xiaohongshu.com/artifactory/api/npm/npm-public/mime-db/-/mime-db-1.54.0.tgz}
    engines: {node: '>= 0.6'}

  mime-types@2.1.35:
    resolution: {integrity: sha1-OBqHG2KnNEUGYK497uRIE/cNlZo=, tarball: https://artifactory.devops.xiaohongshu.com/artifactory/api/npm/npm-public/mime-types/download/mime-types-2.1.35.tgz}
    engines: {node: '>= 0.6'}

  mime-types@3.0.2:
    resolution: {integrity: sha512-Lbgzdk0h4juoQ9fCKXW4by0UJqj+nOOrI9MJ1sSj4nI8aI2eo1qmvQEie4VD1glsS250n15LsWsYtCugiStS5A==, tarball: https://artifactory.devops.xiaohongshu.com/artifactory/api/npm/npm-public/mime-types/-/mime-types-3.0.2.tgz}
    engines: {node: '>=18'}

  mime@1.6.0:
    resolution: {integrity: sha1-Ms2eXGRVO9WNGaVor0Uqz/BJgbE=, tarball: https://artifactory.devops.xiaohongshu.com/artifactory/api/npm/npm-public/mime/download/mime-1.6.0.tgz}
    engines: {node: '>=4'}
    hasBin: true

  ms@2.0.0:
    resolution: {integrity: sha1-VgiurfwAvmwpAd9fmGF4jeDVl8g=, tarball: https://artifactory.devops.xiaohongshu.com/artifactory/api/npm/npm-public/ms/download/ms-2.0.0.tgz}

  ms@2.1.3:
    resolution: {integrity: sha1-V0yBOM4dK1hh8LRFedut1gxmFbI=, tarball: https://artifactory.devops.xiaohongshu.com/artifactory/api/npm/npm-public/ms/download/ms-2.1.3.tgz}

  negotiator@0.6.3:
    resolution: {integrity: sha1-WOMjpy/twNb5zU0x/kn1FHlZDM0=, tarball: https://artifactory.devops.xiaohongshu.com/artifactory/api/npm/npm-public/negotiator/download/negotiator-0.6.3.tgz}
    engines: {node: '>= 0.6'}

  negotiator@1.0.0:
    resolution: {integrity: sha1-tskbtHFy1p+Tz9fDV7u1KQGbX2o=, tarball: https://artifactory.devops.xiaohongshu.com/artifactory/api/npm/npm-public/negotiator/download/negotiator-1.0.0.tgz}
    engines: {node: '>= 0.6'}

  object-assign@4.1.1:
    resolution: {integrity: sha1-IQmtx5ZYh8/AXLvUQsrIv7s2CGM=, tarball: https://artifactory.devops.xiaohongshu.com/artifactory/api/npm/npm-public/object-assign/download/object-assign-4.1.1.tgz}
    engines: {node: '>=0.10.0'}

  object-inspect@1.13.4:
    resolution: {integrity: sha1-g3UmXiG8IND6WCwi4bE0hdbgAhM=, tarball: https://artifactory.devops.xiaohongshu.com/artifactory/api/npm/npm-public/object-inspect/download/object-inspect-1.13.4.tgz}
    engines: {node: '>= 0.4'}

  on-finished@2.4.1:
    resolution: {integrity: sha1-WMjEQRblSEWtV/FKsQsDUzGErD8=, tarball: https://artifactory.devops.xiaohongshu.com/artifactory/api/npm/npm-public/on-finished/download/on-finished-2.4.1.tgz}
    engines: {node: '>= 0.8'}

  once@1.4.0:
    resolution: {integrity: sha1-WDsap3WWHUsROsF9nFC6753Xa9E=, tarball: https://artifactory.devops.xiaohongshu.com/artifactory/api/npm/npm-public/once/download/once-1.4.0.tgz}

  parseurl@1.3.3:
    resolution: {integrity: sha1-naGee+6NEt/wUT7Vt2lXeTvC6NQ=, tarball: https://artifactory.devops.xiaohongshu.com/artifactory/api/npm/npm-public/parseurl/download/parseurl-1.3.3.tgz}
    engines: {node: '>= 0.8'}

  path-key@3.1.1:
    resolution: {integrity: sha1-WB9q3mWMu6ZaDTOA3ndTKVBU83U=, tarball: https://artifactory.devops.xiaohongshu.com/artifactory/api/npm/npm-public/path-key/download/path-key-3.1.1.tgz}
    engines: {node: '>=8'}

  path-to-regexp@0.1.13:
    resolution: {integrity: sha1-myLsFrw6uI0FoMfjaYaUIUAasX0=, tarball: https://artifactory.devops.xiaohongshu.com/artifactory/api/npm/npm-public/path-to-regexp/download/path-to-regexp-0.1.13.tgz}

  path-to-regexp@8.4.2:
    resolution: {integrity: sha1-eVxCDE98pFxbiHNm9iLuDJhSzM0=, tarball: https://artifactory.devops.xiaohongshu.com/artifactory/api/npm/npm-public/path-to-regexp/download/path-to-regexp-8.4.2.tgz}

  pkce-challenge@5.0.1:
    resolution: {integrity: sha512-wQ0b/W4Fr01qtpHlqSqspcj3EhBvimsdh0KlHhH8HRZnMsEa0ea2fTULOXOS9ccQr3om+GcGRk4e+isrZWV8qQ==, tarball: https://artifactory.devops.xiaohongshu.com/artifactory/api/npm/npm-public/pkce-challenge/-/pkce-challenge-5.0.1.tgz}
    engines: {node: '>=16.20.0'}

  proxy-addr@2.0.7:
    resolution: {integrity: sha1-8Z/mnOqzEe65S0LnDowgcPm6ECU=, tarball: https://artifactory.devops.xiaohongshu.com/artifactory/api/npm/npm-public/proxy-addr/download/proxy-addr-2.0.7.tgz}
    engines: {node: '>= 0.10'}

  qs@6.14.2:
    resolution: {integrity: sha512-V/yCWTTF7VJ9hIh18Ugr2zhJMP01MY7c5kh4J870L7imm6/DIzBsNLTXzMwUA3yZ5b/KBqLx8Kp3uRvd7xSe3Q==, tarball: https://artifactory.devops.xiaohongshu.com/artifactory/api/npm/npm-public/qs/-/qs-6.14.2.tgz}
    engines: {node: '>=0.6'}

  qs@6.15.1:
    resolution: {integrity: sha512-6YHEFRL9mfgcAvql/XhwTvf5jKcOiiupt2FiJxHkiX1z4j7WL8J/jRHYLluORvc1XxB5rV20KoeK00gVJamspg==, tarball: https://artifactory.devops.xiaohongshu.com/artifactory/api/npm/npm-public/qs/-/qs-6.15.1.tgz}
    engines: {node: '>=0.6'}

  range-parser@1.2.1:
    resolution: {integrity: sha1-PPNwI9GZ4cJNGlW4SADC8+ZGgDE=, tarball: https://artifactory.devops.xiaohongshu.com/artifactory/api/npm/npm-public/range-parser/download/range-parser-1.2.1.tgz}
    engines: {node: '>= 0.6'}

  raw-body@2.5.3:
    resolution: {integrity: sha512-s4VSOf6yN0rvbRZGxs8Om5CWj6seneMwK3oDb4lWDH0UPhWcxwOWw5+qk24bxq87szX1ydrwylIOp2uG1ojUpA==, tarball: https://artifactory.devops.xiaohongshu.com/artifactory/api/npm/npm-public/raw-body/-/raw-body-2.5.3.tgz}
    engines: {node: '>= 0.8'}

  raw-body@3.0.2:
    resolution: {integrity: sha512-K5zQjDllxWkf7Z5xJdV0/B0WTNqx6vxG70zJE4N0kBs4LovmEYWJzQGxC9bS9RAKu3bgM40lrd5zoLJ12MQ5BA==, tarball: https://artifactory.devops.xiaohongshu.com/artifactory/api/npm/npm-public/raw-body/-/raw-body-3.0.2.tgz}
    engines: {node: '>= 0.10'}

  require-from-string@2.0.2:
    resolution: {integrity: sha1-iaf92TgmEmcxjq/hT5wy5ZjDaQk=, tarball: https://artifactory.devops.xiaohongshu.com/artifactory/api/npm/npm-public/require-from-string/download/require-from-string-2.0.2.tgz}
    engines: {node: '>=0.10.0'}

  router@2.2.0:
    resolution: {integrity: sha512-nLTrUKm2UyiL7rlhapu/Zl45FwNgkZGaCpZbIHajDYgwlJCOzLSk+cIPAnsEqV955GjILJnKbdQC1nVPz+gAYQ==, tarball: https://artifactory.devops.xiaohongshu.com/artifactory/api/npm/npm-public/router/-/router-2.2.0.tgz}
    engines: {node: '>= 18'}

  safe-buffer@5.2.1:
    resolution: {integrity: sha1-Hq+fqb2x/dTsdfWPnNtOa3gn7sY=, tarball: https://artifactory.devops.xiaohongshu.com/artifactory/api/npm/npm-public/safe-buffer/download/safe-buffer-5.2.1.tgz}

  safer-buffer@2.1.2:
    resolution: {integrity: sha1-RPoWGwGHuVSd2Eu5GAL5vYOFzWo=, tarball: https://artifactory.devops.xiaohongshu.com/artifactory/api/npm/npm-public/safer-buffer/download/safer-buffer-2.1.2.tgz}

  send@0.19.2:
    resolution: {integrity: sha512-VMbMxbDeehAxpOtWJXlcUS5E8iXh6QmN+BkRX1GARS3wRaXEEgzCcB10gTQazO42tpNIya8xIyNx8fll1OFPrg==, tarball: https://artifactory.devops.xiaohongshu.com/artifactory/api/npm/npm-public/send/-/send-0.19.2.tgz}
    engines: {node: '>= 0.8.0'}

  send@1.2.1:
    resolution: {integrity: sha512-1gnZf7DFcoIcajTjTwjwuDjzuz4PPcY2StKPlsGAQ1+YH20IRVrBaXSWmdjowTJ6u8Rc01PoYOGHXfP1mYcZNQ==, tarball: https://artifactory.devops.xiaohongshu.com/artifactory/api/npm/npm-public/send/-/send-1.2.1.tgz}
    engines: {node: '>= 18'}

  serve-static@1.16.3:
    resolution: {integrity: sha512-x0RTqQel6g5SY7Lg6ZreMmsOzncHFU7nhnRWkKgWuMTu5NN0DR5oruckMqRvacAN9d5w6ARnRBXl9xhDCgfMeA==, tarball: https://artifactory.devops.xiaohongshu.com/artifactory/api/npm/npm-public/serve-static/-/serve-static-1.16.3.tgz}
    engines: {node: '>= 0.8.0'}

  serve-static@2.2.1:
    resolution: {integrity: sha512-xRXBn0pPqQTVQiC8wyQrKs2MOlX24zQ0POGaj0kultvoOCstBQM5yvOhAVSUwOMjQtTvsPWoNCHfPGwaaQJhTw==, tarball: https://artifactory.devops.xiaohongshu.com/artifactory/api/npm/npm-public/serve-static/-/serve-static-2.2.1.tgz}
    engines: {node: '>= 18'}

  setprototypeof@1.2.0:
    resolution: {integrity: sha1-ZsmiSnP5/CjL5msJ/tPTPcrxtCQ=, tarball: https://artifactory.devops.xiaohongshu.com/artifactory/api/npm/npm-public/setprototypeof/download/setprototypeof-1.2.0.tgz}

  shebang-command@2.0.0:
    resolution: {integrity: sha1-zNCvT4g1+9wmW4JGGq8MNmY/NOo=, tarball: https://artifactory.devops.xiaohongshu.com/artifactory/api/npm/npm-public/shebang-command/download/shebang-command-2.0.0.tgz}
    engines: {node: '>=8'}

  shebang-regex@3.0.0:
    resolution: {integrity: sha1-rhbxZE2HPsrYQ7AwexQzYtTEIXI=, tarball: https://artifactory.devops.xiaohongshu.com/artifactory/api/npm/npm-public/shebang-regex/download/shebang-regex-3.0.0.tgz}
    engines: {node: '>=8'}

  side-channel-list@1.0.1:
    resolution: {integrity: sha512-mjn/0bi/oUURjc5Xl7IaWi/OJJJumuoJFQJfDDyO46+hBWsfaVM65TBHq2eoZBhzl9EchxOijpkbRC8SVBQU0w==, tarball: https://artifactory.devops.xiaohongshu.com/artifactory/api/npm/npm-public/side-channel-list/-/side-channel-list-1.0.1.tgz}
    engines: {node: '>= 0.4'}

  side-channel-map@1.0.1:
    resolution: {integrity: sha1-1rtrN5Asb+9RdOX1M/q0xzKib0I=, tarball: https://artifactory.devops.xiaohongshu.com/artifactory/api/npm/npm-public/side-channel-map/download/side-channel-map-1.0.1.tgz}
    engines: {node: '>= 0.4'}

  side-channel-weakmap@1.0.2:
    resolution: {integrity: sha1-Ed2hnVNo5Azp7CvcH7DsvAeQ7Oo=, tarball: https://artifactory.devops.xiaohongshu.com/artifactory/api/npm/npm-public/side-channel-weakmap/download/side-channel-weakmap-1.0.2.tgz}
    engines: {node: '>= 0.4'}

  side-channel@1.1.0:
    resolution: {integrity: sha1-w/z/nE2pMnhIczNeyXZfqU/2a8k=, tarball: https://artifactory.devops.xiaohongshu.com/artifactory/api/npm/npm-public/side-channel/download/side-channel-1.1.0.tgz}
    engines: {node: '>= 0.4'}

  statuses@2.0.2:
    resolution: {integrity: sha512-DvEy55V3DB7uknRo+4iOGT5fP1slR8wQohVdknigZPMpMstaKJQWhwiYBACJE3Ul2pTnATihhBYnRhZQHGBiRw==, tarball: https://artifactory.devops.xiaohongshu.com/artifactory/api/npm/npm-public/statuses/-/statuses-2.0.2.tgz}
    engines: {node: '>= 0.8'}

  toidentifier@1.0.1:
    resolution: {integrity: sha1-O+NDIaiKgg7RvYDfqjPkefu43TU=, tarball: https://artifactory.devops.xiaohongshu.com/artifactory/api/npm/npm-public/toidentifier/download/toidentifier-1.0.1.tgz}
    engines: {node: '>=0.6'}

  type-is@1.6.18:
    resolution: {integrity: sha1-TlUs0F3wlGfcvE73Od6J8s83wTE=, tarball: https://artifactory.devops.xiaohongshu.com/artifactory/api/npm/npm-public/type-is/download/type-is-1.6.18.tgz}
    engines: {node: '>= 0.6'}

  type-is@2.0.1:
    resolution: {integrity: sha512-OZs6gsjF4vMp32qrCbiVSkrFmXtG/AZhY3t0iAMrMBiAZyV9oALtXO8hsrHbMXF9x6L3grlFuwW2oAz7cav+Gw==, tarball: https://artifactory.devops.xiaohongshu.com/artifactory/api/npm/npm-public/type-is/-/type-is-2.0.1.tgz}
    engines: {node: '>= 0.6'}

  undici-types@7.19.2:
    resolution: {integrity: sha1-G2f8JtDxV6DLo6WKW1weIna4uio=, tarball: https://artifactory.devops.xiaohongshu.com/artifactory/api/npm/npm-public/undici-types/download/undici-types-7.19.2.tgz}

  unpipe@1.0.0:
    resolution: {integrity: sha1-sr9O6FFKrmFltIF4KdIbLvSZBOw=, tarball: https://artifactory.devops.xiaohongshu.com/artifactory/api/npm/npm-public/unpipe/download/unpipe-1.0.0.tgz}
    engines: {node: '>= 0.8'}

  utils-merge@1.0.1:
    resolution: {integrity: sha1-n5VxD1CiZ5R7LMwSR0HBAoQn5xM=, tarball: https://artifactory.devops.xiaohongshu.com/artifactory/api/npm/npm-public/utils-merge/download/utils-merge-1.0.1.tgz}
    engines: {node: '>= 0.4.0'}

  uuid@10.0.0:
    resolution: {integrity: sha512-8XkAphELsDnEGrDxUOHB3RGvXz6TeuYSGEZBOjtTtPm2lwhGBjLgOzLHB63IUWfBpNucQjND6d3AOudO+H3RWQ==, tarball: https://artifactory.devops.xiaohongshu.com/artifactory/api/npm/npm-public/uuid/-/uuid-10.0.0.tgz}
    hasBin: true

  vary@1.1.2:
    resolution: {integrity: sha1-IpnwLG3tMNSllhsLn3RSShj2NPw=, tarball: https://artifactory.devops.xiaohongshu.com/artifactory/api/npm/npm-public/vary/download/vary-1.1.2.tgz}
    engines: {node: '>= 0.8'}

  which@2.0.2:
    resolution: {integrity: sha1-fGqN0KY2oDJ+ELWckobu6T8/UbE=, tarball: https://artifactory.devops.xiaohongshu.com/artifactory/api/npm/npm-public/which/download/which-2.0.2.tgz}
    engines: {node: '>= 8'}
    hasBin: true

  wrappy@1.0.2:
    resolution: {integrity: sha1-tSQ9jz7BqjXxNkYFvA0QNuMKtp8=, tarball: https://artifactory.devops.xiaohongshu.com/artifactory/api/npm/npm-public/wrappy/download/wrappy-1.0.2.tgz}

  ws@8.20.0:
    resolution: {integrity: sha1-TNlTI1jrpgvIY6rRYj37BFpNSvg=, tarball: https://artifactory.devops.xiaohongshu.com/artifactory/api/npm/npm-public/ws/download/ws-8.20.0.tgz}
    engines: {node: '>=10.0.0'}
    peerDependencies:
      bufferutil: ^4.0.1
      utf-8-validate: '>=5.0.2'
    peerDependenciesMeta:
      bufferutil:
        optional: true
      utf-8-validate:
        optional: true

  zod-to-json-schema@3.25.2:
    resolution: {integrity: sha512-O/PgfnpT1xKSDeQYSCfRI5Gy3hPf91mKVDuYLUHZJMiDFptvP41MSnWofm8dnCm0256ZNfZIM7DSzuSMAFnjHA==, tarball: https://artifactory.devops.xiaohongshu.com/artifactory/api/npm/npm-public/zod-to-json-schema/-/zod-to-json-schema-3.25.2.tgz}
    peerDependencies:
      zod: ^3.25.28 || ^4

  zod@4.3.6:
    resolution: {integrity: sha1-icVuCqfSsFEH2JRBIicIeIWrESo=, tarball: https://artifactory.devops.xiaohongshu.com/artifactory/api/npm/npm-public/zod/download/zod-4.3.6.tgz}

snapshots:

  '@hono/node-server@1.19.13(hono@4.12.12)':
    dependencies:
      hono: 4.12.12

  '@modelcontextprotocol/sdk@1.29.0(zod@4.3.6)':
    dependencies:
      '@hono/node-server': 1.19.13(hono@4.12.12)
      ajv: 8.18.0
      ajv-formats: 3.0.1(ajv@8.18.0)
      content-type: 1.0.5
      cors: 2.8.6
      cross-spawn: 7.0.6
      eventsource: 3.0.7
      eventsource-parser: 3.0.6
      express: 5.2.1
      express-rate-limit: 8.3.2(express@5.2.1)
      hono: 4.12.12
      jose: 6.2.2
      json-schema-typed: 8.0.2
      pkce-challenge: 5.0.1
      raw-body: 3.0.2
      zod: 4.3.6
      zod-to-json-schema: 3.25.2(zod@4.3.6)
    transitivePeerDependencies:
      - supports-color

  '@types/body-parser@1.19.6':
    dependencies:
      '@types/connect': 3.4.38
      '@types/node': 25.6.0

  '@types/connect@3.4.38':
    dependencies:
      '@types/node': 25.6.0

  '@types/express-serve-static-core@4.19.8':
    dependencies:
      '@types/node': 25.6.0
      '@types/qs': 6.15.0
      '@types/range-parser': 1.2.7
      '@types/send': 1.2.1

  '@types/express@4.17.25':
    dependencies:
      '@types/body-parser': 1.19.6
      '@types/express-serve-static-core': 4.19.8
      '@types/qs': 6.15.0
      '@types/serve-static': 1.15.10

  '@types/http-errors@2.0.5': {}

  '@types/mime@1.3.5': {}

  '@types/node@25.6.0':
    dependencies:
      undici-types: 7.19.2

  '@types/qs@6.15.0': {}

  '@types/range-parser@1.2.7': {}

  '@types/send@0.17.6':
    dependencies:
      '@types/mime': 1.3.5
      '@types/node': 25.6.0

  '@types/send@1.2.1':
    dependencies:
      '@types/node': 25.6.0

  '@types/serve-static@1.15.10':
    dependencies:
      '@types/http-errors': 2.0.5
      '@types/node': 25.6.0
      '@types/send': 0.17.6

  '@types/ws@8.18.1':
    dependencies:
      '@types/node': 25.6.0

  accepts@1.3.8:
    dependencies:
      mime-types: 2.1.35
      negotiator: 0.6.3

  accepts@2.0.0:
    dependencies:
      mime-types: 3.0.2
      negotiator: 1.0.0

  ajv-formats@3.0.1(ajv@8.18.0):
    optionalDependencies:
      ajv: 8.18.0

  ajv@8.18.0:
    dependencies:
      fast-deep-equal: 3.1.3
      fast-uri: 3.1.0
      json-schema-traverse: 1.0.0
      require-from-string: 2.0.2

  array-flatten@1.1.1: {}

  body-parser@1.20.4:
    dependencies:
      bytes: 3.1.2
      content-type: 1.0.5
      debug: 2.6.9
      depd: 2.0.0
      destroy: 1.2.0
      http-errors: 2.0.1
      iconv-lite: 0.4.24
      on-finished: 2.4.1
      qs: 6.14.2
      raw-body: 2.5.3
      type-is: 1.6.18
      unpipe: 1.0.0
    transitivePeerDependencies:
      - supports-color

  body-parser@2.2.2:
    dependencies:
      bytes: 3.1.2
      content-type: 1.0.5
      debug: 4.4.3
      http-errors: 2.0.1
      iconv-lite: 0.7.2
      on-finished: 2.4.1
      qs: 6.15.1
      raw-body: 3.0.2
      type-is: 2.0.1
    transitivePeerDependencies:
      - supports-color

  bytes@3.1.2: {}

  call-bind-apply-helpers@1.0.2:
    dependencies:
      es-errors: 1.3.0
      function-bind: 1.1.2

  call-bound@1.0.4:
    dependencies:
      call-bind-apply-helpers: 1.0.2
      get-intrinsic: 1.3.0

  content-disposition@0.5.4:
    dependencies:
      safe-buffer: 5.2.1

  content-disposition@1.1.0: {}

  content-type@1.0.5: {}

  cookie-signature@1.0.7: {}

  cookie-signature@1.2.2: {}

  cookie@0.7.2: {}

  cors@2.8.6:
    dependencies:
      object-assign: 4.1.1
      vary: 1.1.2

  cross-spawn@7.0.6:
    dependencies:
      path-key: 3.1.1
      shebang-command: 2.0.0
      which: 2.0.2

  debug@2.6.9:
    dependencies:
      ms: 2.0.0

  debug@4.4.3:
    dependencies:
      ms: 2.1.3

  depd@2.0.0: {}

  destroy@1.2.0: {}

  dunder-proto@1.0.1:
    dependencies:
      call-bind-apply-helpers: 1.0.2
      es-errors: 1.3.0
      gopd: 1.2.0

  ee-first@1.1.1: {}

  encodeurl@2.0.0: {}

  es-define-property@1.0.1: {}

  es-errors@1.3.0: {}

  es-object-atoms@1.1.1:
    dependencies:
      es-errors: 1.3.0

  escape-html@1.0.3: {}

  etag@1.8.1: {}

  eventsource-parser@3.0.6: {}

  eventsource@3.0.7:
    dependencies:
      eventsource-parser: 3.0.6

  express-rate-limit@8.3.2(express@5.2.1):
    dependencies:
      express: 5.2.1
      ip-address: 10.1.0

  express@4.22.1:
    dependencies:
      accepts: 1.3.8
      array-flatten: 1.1.1
      body-parser: 1.20.4
      content-disposition: 0.5.4
      content-type: 1.0.5
      cookie: 0.7.2
      cookie-signature: 1.0.7
      debug: 2.6.9
      depd: 2.0.0
      encodeurl: 2.0.0
      escape-html: 1.0.3
      etag: 1.8.1
      finalhandler: 1.3.2
      fresh: 0.5.2
      http-errors: 2.0.1
      merge-descriptors: 1.0.3
      methods: 1.1.2
      on-finished: 2.4.1
      parseurl: 1.3.3
      path-to-regexp: 0.1.13
      proxy-addr: 2.0.7
      qs: 6.14.2
      range-parser: 1.2.1
      safe-buffer: 5.2.1
      send: 0.19.2
      serve-static: 1.16.3
      setprototypeof: 1.2.0
      statuses: 2.0.2
      type-is: 1.6.18
      utils-merge: 1.0.1
      vary: 1.1.2
    transitivePeerDependencies:
      - supports-color

  express@5.2.1:
    dependencies:
      accepts: 2.0.0
      body-parser: 2.2.2
      content-disposition: 1.1.0
      content-type: 1.0.5
      cookie: 0.7.2
      cookie-signature: 1.2.2
      debug: 4.4.3
      depd: 2.0.0
      encodeurl: 2.0.0
      escape-html: 1.0.3
      etag: 1.8.1
      finalhandler: 2.1.1
      fresh: 2.0.0
      http-errors: 2.0.1
      merge-descriptors: 2.0.0
      mime-types: 3.0.2
      on-finished: 2.4.1
      once: 1.4.0
      parseurl: 1.3.3
      proxy-addr: 2.0.7
      qs: 6.15.1
      range-parser: 1.2.1
      router: 2.2.0
      send: 1.2.1
      serve-static: 2.2.1
      statuses: 2.0.2
      type-is: 2.0.1
      vary: 1.1.2
    transitivePeerDependencies:
      - supports-color

  fast-deep-equal@3.1.3: {}

  fast-uri@3.1.0: {}

  finalhandler@1.3.2:
    dependencies:
      debug: 2.6.9
      encodeurl: 2.0.0
      escape-html: 1.0.3
      on-finished: 2.4.1
      parseurl: 1.3.3
      statuses: 2.0.2
      unpipe: 1.0.0
    transitivePeerDependencies:
      - supports-color

  finalhandler@2.1.1:
    dependencies:
      debug: 4.4.3
      encodeurl: 2.0.0
      escape-html: 1.0.3
      on-finished: 2.4.1
      parseurl: 1.3.3
      statuses: 2.0.2
    transitivePeerDependencies:
      - supports-color

  forwarded@0.2.0: {}

  fresh@0.5.2: {}

  fresh@2.0.0: {}

  function-bind@1.1.2: {}

  get-intrinsic@1.3.0:
    dependencies:
      call-bind-apply-helpers: 1.0.2
      es-define-property: 1.0.1
      es-errors: 1.3.0
      es-object-atoms: 1.1.1
      function-bind: 1.1.2
      get-proto: 1.0.1
      gopd: 1.2.0
      has-symbols: 1.1.0
      hasown: 2.0.2
      math-intrinsics: 1.1.0

  get-proto@1.0.1:
    dependencies:
      dunder-proto: 1.0.1
      es-object-atoms: 1.1.1

  gopd@1.2.0: {}

  has-symbols@1.1.0: {}

  hasown@2.0.2:
    dependencies:
      function-bind: 1.1.2

  hono@4.12.12: {}

  http-errors@2.0.1:
    dependencies:
      depd: 2.0.0
      inherits: 2.0.4
      setprototypeof: 1.2.0
      statuses: 2.0.2
      toidentifier: 1.0.1

  iconv-lite@0.4.24:
    dependencies:
      safer-buffer: 2.1.2

  iconv-lite@0.7.2:
    dependencies:
      safer-buffer: 2.1.2

  inherits@2.0.4: {}

  ip-address@10.1.0: {}

  ipaddr.js@1.9.1: {}

  is-promise@4.0.0: {}

  isexe@2.0.0: {}

  jose@6.2.2: {}

  json-schema-traverse@1.0.0: {}

  json-schema-typed@8.0.2: {}

  math-intrinsics@1.1.0: {}

  media-typer@0.3.0: {}

  media-typer@1.1.0: {}

  merge-descriptors@1.0.3: {}

  merge-descriptors@2.0.0: {}

  methods@1.1.2: {}

  mime-db@1.52.0: {}

  mime-db@1.54.0: {}

  mime-types@2.1.35:
    dependencies:
      mime-db: 1.52.0

  mime-types@3.0.2:
    dependencies:
      mime-db: 1.54.0

  mime@1.6.0: {}

  ms@2.0.0: {}

  ms@2.1.3: {}

  negotiator@0.6.3: {}

  negotiator@1.0.0: {}

  object-assign@4.1.1: {}

  object-inspect@1.13.4: {}

  on-finished@2.4.1:
    dependencies:
      ee-first: 1.1.1

  once@1.4.0:
    dependencies:
      wrappy: 1.0.2

  parseurl@1.3.3: {}

  path-key@3.1.1: {}

  path-to-regexp@0.1.13: {}

  path-to-regexp@8.4.2: {}

  pkce-challenge@5.0.1: {}

  proxy-addr@2.0.7:
    dependencies:
      forwarded: 0.2.0
      ipaddr.js: 1.9.1

  qs@6.14.2:
    dependencies:
      side-channel: 1.1.0

  qs@6.15.1:
    dependencies:
      side-channel: 1.1.0

  range-parser@1.2.1: {}

  raw-body@2.5.3:
    dependencies:
      bytes: 3.1.2
      http-errors: 2.0.1
      iconv-lite: 0.4.24
      unpipe: 1.0.0

  raw-body@3.0.2:
    dependencies:
      bytes: 3.1.2
      http-errors: 2.0.1
      iconv-lite: 0.7.2
      unpipe: 1.0.0

  require-from-string@2.0.2: {}

  router@2.2.0:
    dependencies:
      debug: 4.4.3
      depd: 2.0.0
      is-promise: 4.0.0
      parseurl: 1.3.3
      path-to-regexp: 8.4.2
    transitivePeerDependencies:
      - supports-color

  safe-buffer@5.2.1: {}

  safer-buffer@2.1.2: {}

  send@0.19.2:
    dependencies:
      debug: 2.6.9
      depd: 2.0.0
      destroy: 1.2.0
      encodeurl: 2.0.0
      escape-html: 1.0.3
      etag: 1.8.1
      fresh: 0.5.2
      http-errors: 2.0.1
      mime: 1.6.0
      ms: 2.1.3
      on-finished: 2.4.1
      range-parser: 1.2.1
      statuses: 2.0.2
    transitivePeerDependencies:
      - supports-color

  send@1.2.1:
    dependencies:
      debug: 4.4.3
      encodeurl: 2.0.0
      escape-html: 1.0.3
      etag: 1.8.1
      fresh: 2.0.0
      http-errors: 2.0.1
      mime-types: 3.0.2
      ms: 2.1.3
      on-finished: 2.4.1
      range-parser: 1.2.1
      statuses: 2.0.2
    transitivePeerDependencies:
      - supports-color

  serve-static@1.16.3:
    dependencies:
      encodeurl: 2.0.0
      escape-html: 1.0.3
      parseurl: 1.3.3
      send: 0.19.2
    transitivePeerDependencies:
      - supports-color

  serve-static@2.2.1:
    dependencies:
      encodeurl: 2.0.0
      escape-html: 1.0.3
      parseurl: 1.3.3
      send: 1.2.1
    transitivePeerDependencies:
      - supports-color

  setprototypeof@1.2.0: {}

  shebang-command@2.0.0:
    dependencies:
      shebang-regex: 3.0.0

  shebang-regex@3.0.0: {}

  side-channel-list@1.0.1:
    dependencies:
      es-errors: 1.3.0
      object-inspect: 1.13.4

  side-channel-map@1.0.1:
    dependencies:
      call-bound: 1.0.4
      es-errors: 1.3.0
      get-intrinsic: 1.3.0
      object-inspect: 1.13.4

  side-channel-weakmap@1.0.2:
    dependencies:
      call-bound: 1.0.4
      es-errors: 1.3.0
      get-intrinsic: 1.3.0
      object-inspect: 1.13.4
      side-channel-map: 1.0.1

  side-channel@1.1.0:
    dependencies:
      es-errors: 1.3.0
      object-inspect: 1.13.4
      side-channel-list: 1.0.1
      side-channel-map: 1.0.1
      side-channel-weakmap: 1.0.2

  statuses@2.0.2: {}

  toidentifier@1.0.1: {}

  type-is@1.6.18:
    dependencies:
      media-typer: 0.3.0
      mime-types: 2.1.35

  type-is@2.0.1:
    dependencies:
      content-type: 1.0.5
      media-typer: 1.1.0
      mime-types: 3.0.2

  undici-types@7.19.2: {}

  unpipe@1.0.0: {}

  utils-merge@1.0.1: {}

  uuid@10.0.0: {}

  vary@1.1.2: {}

  which@2.0.2:
    dependencies:
      isexe: 2.0.0

  wrappy@1.0.2: {}

  ws@8.20.0: {}

  zod-to-json-schema@3.25.2(zod@4.3.6):
    dependencies:
      zod: 4.3.6

  zod@4.3.6: {}
